
Microsoft Visual Studio Solution File, Format Version 12.00
# Visual Studio Version 17
VisualStudioVersion = 17.4.33213.308
MinimumVisualStudioVersion = 10.0.40219.1
Project("{9A19103F-16F7-4668-BE54-9A1E7A4F7556}") = "Task1", "ConsoleAppcore1\Task1.csproj", "{C612B2EC-8BD4-4E27-90EA-41BCCF03CD3B}"
EndProject
Project("{9A19103F-16F7-4668-BE54-9A1E7A4F7556}") = "Task2", "ConsoleApp1\Task2.csproj", "{521B9A5F-9AB0-41FF-A04C-3C360C051193}"
EndProject
Project("{9A19103F-16F7-4668-BE54-9A1E7A4F7556}") = "Task3", "ConsoleApp2\Task3.csproj", "{AB54F618-63DE-441E-ACBE-71DAB53A827C}"
EndProject
Project("{9A19103F-16F7-4668-BE54-9A1E7A4F7556}") = "Task4", "ConsoleApp3\Task4.csproj", "{414D656F-2E13-4C4F-97A7-B43BC04EA002}"
EndProject
Project("{9A19103F-16F7-4668-BE54-9A1E7A4F7556}") = "Task5", "Task5\Task5.csproj", "{A4AA6D86-89BE-489E-8F1F-51F18980A14F}"
EndProject
Project("{9A19103F-16F7-4668-BE54-9A1E7A4F7556}") = "Task6", "Task6\Task6.csproj", "{A273366E-928E-4211-B409-022A78AE8011}"
EndProject
Project("{9A19103F-16F7-4668-BE54-9A1E7A4F7556}") = "Task7", "Task7\Task7.csproj", "{51B62957-C987-4B39-BD5B-D9263F0B2866}"
EndProject
Project("{9A19103F-16F7-4668-BE54-9A1E7A4F7556}") = "Task8", "Task8\Task8.csproj", "{73C8E9ED-FDA2-423E-82E8-5DF2EE9D7A79}"
EndProject
Project("{9A19103F-16F7-4668-BE54-9A1E7A4F7556}") = "Task9", "Task9\Task9.csproj", "{CAEEED19-FA99-4DE7-8127-DA33DCEC61A3}"
EndProject
Project("{9A19103F-16F7-4668-BE54-9A1E7A4F7556}") = "Task12", "Task12\Task12.csproj", "{09A9E2AA-5F12-4ACD-A2E4-82F12A08F9FC}"
EndProject
Project("{9A19103F-16F7-4668-BE54-9A1E7A4F7556}") = "Task13", "Task13\Task13.csproj", "{9C0778E4-D1B0-4837-8B08-0D404BFCBA19}"
EndProject
Project("{9A19103F-16F7-4668-BE54-9A1E7A4F7556}") = "Task15", "Task15\Task15.csproj", "{3D26147D-525F-4F9B-85D2-563DE8E7BB14}"
EndProject
Project("{FAE04EC0-301F-11D3-BF4B-00C04F79EFBC}") = "Task10", "Task10\Task10.csproj", "{8374F7AE-64F0-451F-ABA9-197FC8BA7B17}"
EndProject
Project("{FAE04EC0-301F-11D3-BF4B-00C04F79EFBC}") = "Task11", "Task11\Task11.csproj", "{D8C6E528-CDBB-48BB-847C-741E38DA6BBD}"
EndProject
Project("{FAE04EC0-301F-11D3-BF4B-00C04F79EFBC}") = "Task14", "Task14\Task14.csproj", "{516CA87F-00F2-47C1-83F0-6BBC74CB072D}"
EndProject
Project("{FAE04EC0-301F-11D3-BF4B-00C04F79EFBC}") = "Task16", "Task16\Task16.csproj", "{52C27810-4D1A-4E2E-AF80-9F0660715FB3}"
EndProject
Global
	GlobalSection(SolutionConfigurationPlatforms) = preSolution
		Debug|Any CPU = Debug|Any CPU
		Release|Any CPU = Release|Any CPU
	EndGlobalSection
	GlobalSection(ProjectConfigurationPlatforms) = postSolution
		{C612B2EC-8BD4-4E27-90EA-41BCCF03CD3B}.Debug|Any CPU.ActiveCfg = Debug|Any CPU
		{C612B2EC-8BD4-4E27-90EA-41BCCF03CD3B}.Debug|Any CPU.Build.0 = Debug|Any CPU
		{C612B2EC-8BD4-4E27-90EA-41BCCF03CD3B}.Release|Any CPU.ActiveCfg = Release|Any CPU
		{C612B2EC-8BD4-4E27-90EA-41BCCF03CD3B}.Release|Any CPU.Build.0 = Release|Any CPU
		{521B9A5F-9AB0-41FF-A04C-3C360C051193}.Debug|Any CPU.ActiveCfg = Debug|Any CPU
		{521B9A5F-9AB0-41FF-A04C-3C360C051193}.Debug|Any CPU.Build.0 = Debug|Any CPU
		{521B9A5F-9AB0-41FF-A04C-3C360C051193}.Release|Any CPU.ActiveCfg = Release|Any CPU
		{521B9A5F-9AB0-41FF-A04C-3C360C051193}.Release|Any CPU.Build.0 = Release|Any CPU
		{AB54F618-63DE-441E-ACBE-71DAB53A827C}.Debug|Any CPU.ActiveCfg = Debug|Any CPU
		{AB54F618-63DE-441E-ACBE-71DAB53A827C}.Debug|Any CPU.Build.0 = Debug|Any CPU
		{AB54F618-63DE-441E-ACBE-71DAB53A827C}.Release|Any CPU.ActiveCfg = Release|Any CPU
		{AB54F618-63DE-441E-ACBE-71DAB53A827C}.Release|Any CPU.Build.0 = Release|Any CPU
		{414D656F-2E13-4C4F-97A7-B43BC04EA002}.Debug|Any CPU.ActiveCfg = Debug|Any CPU
		{414D656F-2E13-4C4F-97A7-B43BC04EA002}.Debug|Any CPU.Build.0 = Debug|Any CPU
		{414D656F-2E13-4C4F-97A7-B43BC04EA002}.Release|Any CPU.ActiveCfg = Release|Any CPU
		{414D656F-2E13-4C4F-97A7-B43BC04EA002}.Release|Any CPU.Build.0 = Release|Any CPU
		{A4AA6D86-89BE-489E-8F1F-51F18980A14F}.Debug|Any CPU.ActiveCfg = Debug|Any CPU
		{A4AA6D86-89BE-489E-8F1F-51F18980A14F}.Debug|Any CPU.Build.0 = Debug|Any CPU
		{A4AA6D86-89BE-489E-8F1F-51F18980A14F}.Release|Any CPU.ActiveCfg = Release|Any CPU
		{A4AA6D86-89BE-489E-8F1F-51F18980A14F}.Release|Any CPU.Build.0 = Release|Any CPU
		{A273366E-928E-4211-B409-022A78AE8011}.Debug|Any CPU.ActiveCfg = Debug|Any CPU
		{A273366E-928E-4211-B409-022A78AE8011}.Debug|Any CPU.Build.0 = Debug|Any CPU
		{A273366E-928E-4211-B409-022A78AE8011}.Release|Any CPU.ActiveCfg = Release|Any CPU
		{A273366E-928E-4211-B409-022A78AE8011}.Release|Any CPU.Build.0 = Release|Any CPU
		{51B62957-C987-4B39-BD5B-D9263F0B2866}.Debug|Any CPU.ActiveCfg = Debug|Any CPU
		{51B62957-C987-4B39-BD5B-D9263F0B2866}.Debug|Any CPU.Build.0 = Debug|Any CPU
		{51B62957-C987-4B39-BD5B-D9263F0B2866}.Release|Any CPU.ActiveCfg = Release|Any CPU
		{51B62957-C987-4B39-BD5B-D9263F0B2866}.Release|Any CPU.Build.0 = Release|Any CPU
		{73C8E9ED-FDA2-423E-82E8-5DF2EE9D7A79}.Debug|Any CPU.ActiveCfg = Debug|Any CPU
		{73C8E9ED-FDA2-423E-82E8-5DF2EE9D7A79}.Debug|Any CPU.Build.0 = Debug|Any CPU
		{73C8E9ED-FDA2-423E-82E8-5DF2EE9D7A79}.Release|Any CPU.ActiveCfg = Release|Any CPU
		{73C8E9ED-FDA2-423E-82E8-5DF2EE9D7A79}.Release|Any CPU.Build.0 = Release|Any CPU
		{CAEEED19-FA99-4DE7-8127-DA33DCEC61A3}.Debug|Any CPU.ActiveCfg = Debug|Any CPU
		{CAEEED19-FA99-4DE7-8127-DA33DCEC61A3}.Debug|Any CPU.Build.0 = Debug|Any CPU
		{CAEEED19-FA99-4DE7-8127-DA33DCEC61A3}.Release|Any CPU.ActiveCfg = Release|Any CPU
		{CAEEED19-FA99-4DE7-8127-DA33DCEC61A3}.Release|Any CPU.Build.0 = Release|Any CPU
		{09A9E2AA-5F12-4ACD-A2E4-82F12A08F9FC}.Debug|Any CPU.ActiveCfg = Debug|Any CPU
		{09A9E2AA-5F12-4ACD-A2E4-82F12A08F9FC}.Debug|Any CPU.Build.0 = Debug|Any CPU
		{09A9E2AA-5F12-4ACD-A2E4-82F12A08F9FC}.Release|Any CPU.ActiveCfg = Release|Any CPU
		{09A9E2AA-5F12-4ACD-A2E4-82F12A08F9FC}.Release|Any CPU.Build.0 = Release|Any CPU
		{9C0778E4-D1B0-4837-8B08-0D404BFCBA19}.Debug|Any CPU.ActiveCfg = Debug|Any CPU
		{9C0778E4-D1B0-4837-8B08-0D404BFCBA19}.Debug|Any CPU.Build.0 = Debug|Any CPU
		{9C0778E4-D1B0-4837-8B08-0D404BFCBA19}.Release|Any CPU.ActiveCfg = Release|Any CPU
		{9C0778E4-D1B0-4837-8B08-0D404BFCBA19}.Release|Any CPU.Build.0 = Release|Any CPU
		{3D26147D-525F-4F9B-85D2-563DE8E7BB14}.Debug|Any CPU.ActiveCfg = Debug|Any CPU
		{3D26147D-525F-4F9B-85D2-563DE8E7BB14}.Debug|Any CPU.Build.0 = Debug|Any CPU
		{3D26147D-525F-4F9B-85D2-563DE8E7BB14}.Release|Any CPU.ActiveCfg = Release|Any CPU
		{3D26147D-525F-4F9B-85D2-563DE8E7BB14}.Release|Any CPU.Build.0 = Release|Any CPU
		{8374F7AE-64F0-451F-ABA9-197FC8BA7B17}.Debug|Any CPU.ActiveCfg = Debug|Any CPU
		{8374F7AE-64F0-451F-ABA9-197FC8BA7B17}.Debug|Any CPU.Build.0 = Debug|Any CPU
		{8374F7AE-64F0-451F-ABA9-197FC8BA7B17}.Release|Any CPU.ActiveCfg = Release|Any CPU
		{8374F7AE-64F0-451F-ABA9-197FC8BA7B17}.Release|Any CPU.Build.0 = Release|Any CPU
		{D8C6E528-CDBB-48BB-847C-741E38DA6BBD}.Debug|Any CPU.ActiveCfg = Debug|Any CPU
		{D8C6E528-CDBB-48BB-847C-741E38DA6BBD}.Debug|Any CPU.Build.0 = Debug|Any CPU
		{D8C6E528-CDBB-48BB-847C-741E38DA6BBD}.Release|Any CPU.ActiveCfg = Release|Any CPU
		{D8C6E528-CDBB-48BB-847C-741E38DA6BBD}.Release|Any CPU.Build.0 = Release|Any CPU
		{516CA87F-00F2-47C1-83F0-6BBC74CB072D}.Debug|Any CPU.ActiveCfg = Debug|Any CPU
		{516CA87F-00F2-47C1-83F0-6BBC74CB072D}.Debug|Any CPU.Build.0 = Debug|Any CPU
		{516CA87F-00F2-47C1-83F0-6BBC74CB072D}.Release|Any CPU.ActiveCfg = Release|Any CPU
		{516CA87F-00F2-47C1-83F0-6BBC74CB072D}.Release|Any CPU.Build.0 = Release|Any CPU
		{52C27810-4D1A-4E2E-AF80-9F0660715FB3}.Debug|Any CPU.ActiveCfg = Debug|Any CPU
		{52C27810-4D1A-4E2E-AF80-9F0660715FB3}.Debug|Any CPU.Build.0 = Debug|Any CPU
		{52C27810-4D1A-4E2E-AF80-9F0660715FB3}.Release|Any CPU.ActiveCfg = Release|Any CPU
		{52C27810-4D1A-4E2E-AF80-9F0660715FB3}.Release|Any CPU.Build.0 = Release|Any CPU
	EndGlobalSection
	GlobalSection(SolutionProperties) = preSolution
		HideSolutionNode = FALSE
	EndGlobalSection
	GlobalSection(ExtensibilityGlobals) = postSolution
		SolutionGuid = {155E1B85-537C-452A-AC29-A4FA4ECBDA5F}
	EndGlobalSection
EndGlobal
